
Microsoft Visual Studio Solution File, Format Version 12.00
# Visual Studio Version 17
VisualStudioVersion = 17.5.002.0
MinimumVisualStudioVersion = 10.0.40219.1
Project("{9A19103F-16F7-4668-BE54-9A1E7A4F7556}") = "CapaDatos", "CapaDatos.csproj", "{D273F164-5A71-424E-B0E0-8253748F4898}"
EndProject
Global
	GlobalSection(SolutionConfigurationPlatforms) = preSolution
		Debug|Any CPU = Debug|Any CPU
		Release|Any CPU = Release|Any CPU
	EndGlobalSection
	GlobalSection(ProjectConfigurationPlatforms) = postSolution
		{D273F164-5A71-424E-B0E0-8253748F4898}.Debug|Any CPU.ActiveCfg = Debug|Any CPU
		{D273F164-5A71-424E-B0E0-8253748F4898}.Debug|Any CPU.Build.0 = Debug|Any CPU
		{D273F164-5A71-424E-B0E0-8253748F4898}.Release|Any CPU.ActiveCfg = Release|Any CPU
		{D273F164-5A71-424E-B0E0-8253748F4898}.Release|Any CPU.Build.0 = Release|Any CPU
	EndGlobalSection
	GlobalSection(SolutionProperties) = preSolution
		HideSolutionNode = FALSE
	EndGlobalSection
	GlobalSection(ExtensibilityGlobals) = postSolution
		SolutionGuid = {AEA61EBA-8E75-4DAB-94ED-975221BD992C}
	EndGlobalSection
EndGlobal
